{
  "name": "html-sketches",
  "version": "0.0.0",
  "lockfileVersion": 3,
  "requires": true,
  "packages": {
    "": {
      "name": "html-sketches",
      "version": "0.0.0",
      "dependencies": {
        "canvas-sketch-util": "^1.10.0",
        "do0dle-colors": "^2.1.1",
        "motion": "^10.16.4",
        "poline": "^0.7.0",
        "rampensau": "^0.2.0",
        "tachyons": "^4.12.0"
      },
      "devDependencies": {
        "typescript": "^5.2.2",
        "vite": "^5.0.0"
      }
    },
    "node_modules/@esbuild/android-arm": {
      "version": "0.19.7",
      "resolved": "https://registry.npmjs.org/@esbuild/android-arm/-/android-arm-0.19.7.tgz",
      "integrity": "sha512-YGSPnndkcLo4PmVl2tKatEn+0mlVMr3yEpOOT0BeMria87PhvoJb5dg5f5Ft9fbCVgtAz4pWMzZVgSEGpDAlww==",
      "cpu": [
        "arm"
      ],
      "dev": true,
      "optional": true,
      "os": [
        "android"
      ],
      "engines": {
        "node": ">=12"
      }
    },
    "node_modules/@esbuild/android-arm64": {
      "version": "0.19.7",
      "resolved": "https://registry.npmjs.org/@esbuild/android-arm64/-/android-arm64-0.19.7.tgz",
      "integrity": "sha512-YEDcw5IT7hW3sFKZBkCAQaOCJQLONVcD4bOyTXMZz5fr66pTHnAet46XAtbXAkJRfIn2YVhdC6R9g4xa27jQ1w==",
      "cpu": [
        "arm64"
      ],
      "dev": true,
      "optional": true,
      "os": [
        "android"
      ],
      "engines": {
        "node": ">=12"
      }
    },
    "node_modules/@esbuild/android-x64": {
      "version": "0.19.7",
      "resolved": "https://registry.npmjs.org/@esbuild/android-x64/-/android-x64-0.19.7.tgz",
      "integrity": "sha512-jhINx8DEjz68cChFvM72YzrqfwJuFbfvSxZAk4bebpngGfNNRm+zRl4rtT9oAX6N9b6gBcFaJHFew5Blf6CvUw==",
      "cpu": [
        "x64"
      ],
      "dev": true,
      "optional": true,
      "os": [
        "android"
      ],
      "engines": {
        "node": ">=12"
      }
    },
    "node_modules/@esbuild/darwin-arm64": {
      "version": "0.19.7",
      "resolved": "https://registry.npmjs.org/@esbuild/darwin-arm64/-/darwin-arm64-0.19.7.tgz",
      "integrity": "sha512-dr81gbmWN//3ZnBIm6YNCl4p3pjnabg1/ZVOgz2fJoUO1a3mq9WQ/1iuEluMs7mCL+Zwv7AY5e3g1hjXqQZ9Iw==",
      "cpu": [
        "arm64"
      ],
      "dev": true,
      "optional": true,
      "os": [
        "darwin"
      ],
      "engines": {
        "node": ">=12"
      }
    },
    "node_modules/@esbuild/darwin-x64": {
      "version": "0.19.7",
      "resolved": "https://registry.npmjs.org/@esbuild/darwin-x64/-/darwin-x64-0.19.7.tgz",
      "integrity": "sha512-Lc0q5HouGlzQEwLkgEKnWcSazqr9l9OdV2HhVasWJzLKeOt0PLhHaUHuzb8s/UIya38DJDoUm74GToZ6Wc7NGQ==",
      "cpu": [
        "x64"
      ],
      "dev": true,
      "optional": true,
      "os": [
        "darwin"
      ],
      "engines": {
        "node": ">=12"
      }
    },
    "node_modules/@esbuild/freebsd-arm64": {
      "version": "0.19.7",
      "resolved": "https://registry.npmjs.org/@esbuild/freebsd-arm64/-/freebsd-arm64-0.19.7.tgz",
      "integrity": "sha512-+y2YsUr0CxDFF7GWiegWjGtTUF6gac2zFasfFkRJPkMAuMy9O7+2EH550VlqVdpEEchWMynkdhC9ZjtnMiHImQ==",
      "cpu": [
        "arm64"
      ],
      "dev": true,
      "optional": true,
      "os": [
        "freebsd"
      ],
      "engines": {
        "node": ">=12"
      }
    },
    "node_modules/@esbuild/freebsd-x64": {
      "version": "0.19.7",
      "resolved": "https://registry.npmjs.org/@esbuild/freebsd-x64/-/freebsd-x64-0.19.7.tgz",
      "integrity": "sha512-CdXOxIbIzPJmJhrpmJTLx+o35NoiKBIgOvmvT+jeSadYiWJn0vFKsl+0bSG/5lwjNHoIDEyMYc/GAPR9jxusTA==",
      "cpu": [
        "x64"
      ],
      "dev": true,
      "optional": true,
      "os": [
        "freebsd"
      ],
      "engines": {
        "node": ">=12"
      }
    },
    "node_modules/@esbuild/linux-arm": {
      "version": "0.19.7",
      "resolved": "https://registry.npmjs.org/@esbuild/linux-arm/-/linux-arm-0.19.7.tgz",
      "integrity": "sha512-Y+SCmWxsJOdQtjcBxoacn/pGW9HDZpwsoof0ttL+2vGcHokFlfqV666JpfLCSP2xLxFpF1lj7T3Ox3sr95YXww==",
      "cpu": [
        "arm"
      ],
      "dev": true,
      "optional": true,
      "os": [
        "linux"
      ],
      "engines": {
        "node": ">=12"
      }
    },
    "node_modules/@esbuild/linux-arm64": {
      "version": "0.19.7",
      "resolved": "https://registry.npmjs.org/@esbuild/linux-arm64/-/linux-arm64-0.19.7.tgz",
      "integrity": "sha512-inHqdOVCkUhHNvuQPT1oCB7cWz9qQ/Cz46xmVe0b7UXcuIJU3166aqSunsqkgSGMtUCWOZw3+KMwI6otINuC9g==",
      "cpu": [
        "arm64"
      ],
      "dev": true,
      "optional": true,
      "os": [
        "linux"
      ],
      "engines": {
        "node": ">=12"
      }
    },
    "node_modules/@esbuild/linux-ia32": {
      "version": "0.19.7",
      "resolved": "https://registry.npmjs.org/@esbuild/linux-ia32/-/linux-ia32-0.19.7.tgz",
      "integrity": "sha512-2BbiL7nLS5ZO96bxTQkdO0euGZIUQEUXMTrqLxKUmk/Y5pmrWU84f+CMJpM8+EHaBPfFSPnomEaQiG/+Gmh61g==",
      "cpu": [
        "ia32"
      ],
      "dev": true,
      "optional": true,
      "os": [
        "linux"
      ],
      "engines": {
        "node": ">=12"
      }
    },
    "node_modules/@esbuild/linux-loong64": {
      "version": "0.19.7",
      "resolved": "https://registry.npmjs.org/@esbuild/linux-loong64/-/linux-loong64-0.19.7.tgz",
      "integrity": "sha512-BVFQla72KXv3yyTFCQXF7MORvpTo4uTA8FVFgmwVrqbB/4DsBFWilUm1i2Oq6zN36DOZKSVUTb16jbjedhfSHw==",
      "cpu": [
        "loong64"
      ],
      "dev": true,
      "optional": true,
      "os": [
        "linux"
      ],
      "engines": {
        "node": ">=12"
      }
    },
    "node_modules/@esbuild/linux-mips64el": {
      "version": "0.19.7",
      "resolved": "https://registry.npmjs.org/@esbuild/linux-mips64el/-/linux-mips64el-0.19.7.tgz",
      "integrity": "sha512-DzAYckIaK+pS31Q/rGpvUKu7M+5/t+jI+cdleDgUwbU7KdG2eC3SUbZHlo6Q4P1CfVKZ1lUERRFP8+q0ob9i2w==",
      "cpu": [
        "mips64el"
      ],
      "dev": true,
      "optional": true,
      "os": [
        "linux"
      ],
      "engines": {
        "node": ">=12"
      }
    },
    "node_modules/@esbuild/linux-ppc64": {
      "version": "0.19.7",
      "resolved": "https://registry.npmjs.org/@esbuild/linux-ppc64/-/linux-ppc64-0.19.7.tgz",
      "integrity": "sha512-JQ1p0SmUteNdUaaiRtyS59GkkfTW0Edo+e0O2sihnY4FoZLz5glpWUQEKMSzMhA430ctkylkS7+vn8ziuhUugQ==",
      "cpu": [
        "ppc64"
      ],
      "dev": true,
      "optional": true,
      "os": [
        "linux"
      ],
      "engines": {
        "node": ">=12"
      }
    },
    "node_modules/@esbuild/linux-riscv64": {
      "version": "0.19.7",
      "resolved": "https://registry.npmjs.org/@esbuild/linux-riscv64/-/linux-riscv64-0.19.7.tgz",
      "integrity": "sha512-xGwVJ7eGhkprY/nB7L7MXysHduqjpzUl40+XoYDGC4UPLbnG+gsyS1wQPJ9lFPcxYAaDXbdRXd1ACs9AE9lxuw==",
      "cpu": [
        "riscv64"
      ],
      "dev": true,
      "optional": true,
      "os": [
        "linux"
      ],
      "engines": {
        "node": ">=12"
      }
    },
    "node_modules/@esbuild/linux-s390x": {
      "version": "0.19.7",
      "resolved": "https://registry.npmjs.org/@esbuild/linux-s390x/-/linux-s390x-0.19.7.tgz",
      "integrity": "sha512-U8Rhki5PVU0L0nvk+E8FjkV8r4Lh4hVEb9duR6Zl21eIEYEwXz8RScj4LZWA2i3V70V4UHVgiqMpszXvG0Yqhg==",
      "cpu": [
        "s390x"
      ],
      "dev": true,
      "optional": true,
      "os": [
        "linux"
      ],
      "engines": {
        "node": ">=12"
      }
    },
    "node_modules/@esbuild/linux-x64": {
      "version": "0.19.7",
      "resolved": "https://registry.npmjs.org/@esbuild/linux-x64/-/linux-x64-0.19.7.tgz",
      "integrity": "sha512-ZYZopyLhm4mcoZXjFt25itRlocKlcazDVkB4AhioiL9hOWhDldU9n38g62fhOI4Pth6vp+Mrd5rFKxD0/S+7aQ==",
      "cpu": [
        "x64"
      ],
      "dev": true,
      "optional": true,
      "os": [
        "linux"
      ],
      "engines": {
        "node": ">=12"
      }
    },
    "node_modules/@esbuild/netbsd-x64": {
      "version": "0.19.7",
      "resolved": "https://registry.npmjs.org/@esbuild/netbsd-x64/-/netbsd-x64-0.19.7.tgz",
      "integrity": "sha512-/yfjlsYmT1O3cum3J6cmGG16Fd5tqKMcg5D+sBYLaOQExheAJhqr8xOAEIuLo8JYkevmjM5zFD9rVs3VBcsjtQ==",
      "cpu": [
        "x64"
      ],
      "dev": true,
      "optional": true,
      "os": [
        "netbsd"
      ],
      "engines": {
        "node": ">=12"
      }
    },
    "node_modules/@esbuild/openbsd-x64": {
      "version": "0.19.7",
      "resolved": "https://registry.npmjs.org/@esbuild/openbsd-x64/-/openbsd-x64-0.19.7.tgz",
      "integrity": "sha512-MYDFyV0EW1cTP46IgUJ38OnEY5TaXxjoDmwiTXPjezahQgZd+j3T55Ht8/Q9YXBM0+T9HJygrSRGV5QNF/YVDQ==",
      "cpu": [
        "x64"
      ],
      "dev": true,
      "optional": true,
      "os": [
        "openbsd"
      ],
      "engines": {
        "node": ">=12"
      }
    },
    "node_modules/@esbuild/sunos-x64": {
      "version": "0.19.7",
      "resolved": "https://registry.npmjs.org/@esbuild/sunos-x64/-/sunos-x64-0.19.7.tgz",
      "integrity": "sha512-JcPvgzf2NN/y6X3UUSqP6jSS06V0DZAV/8q0PjsZyGSXsIGcG110XsdmuWiHM+pno7/mJF6fjH5/vhUz/vA9fw==",
      "cpu": [
        "x64"
      ],
      "dev": true,
      "optional": true,
      "os": [
        "sunos"
      ],
      "engines": {
        "node": ">=12"
      }
    },
    "node_modules/@esbuild/win32-arm64": {
      "version": "0.19.7",
      "resolved": "https://registry.npmjs.org/@esbuild/win32-arm64/-/win32-arm64-0.19.7.tgz",
      "integrity": "sha512-ZA0KSYti5w5toax5FpmfcAgu3ZNJxYSRm0AW/Dao5up0YV1hDVof1NvwLomjEN+3/GMtaWDI+CIyJOMTRSTdMw==",
      "cpu": [
        "arm64"
      ],
      "dev": true,
      "optional": true,
      "os": [
        "win32"
      ],
      "engines": {
        "node": ">=12"
      }
    },
    "node_modules/@esbuild/win32-ia32": {
      "version": "0.19.7",
      "resolved": "https://registry.npmjs.org/@esbuild/win32-ia32/-/win32-ia32-0.19.7.tgz",
      "integrity": "sha512-CTOnijBKc5Jpk6/W9hQMMvJnsSYRYgveN6O75DTACCY18RA2nqka8dTZR+x/JqXCRiKk84+5+bRKXUSbbwsS0A==",
      "cpu": [
        "ia32"
      ],
      "dev": true,
      "optional": true,
      "os": [
        "win32"
      ],
      "engines": {
        "node": ">=12"
      }
    },
    "node_modules/@esbuild/win32-x64": {
      "version": "0.19.7",
      "resolved": "https://registry.npmjs.org/@esbuild/win32-x64/-/win32-x64-0.19.7.tgz",
      "integrity": "sha512-gRaP2sk6hc98N734luX4VpF318l3w+ofrtTu9j5L8EQXF+FzQKV6alCOHMVoJJHvVK/mGbwBXfOL1HETQu9IGQ==",
      "cpu": [
        "x64"
      ],
      "dev": true,
      "optional": true,
      "os": [
        "win32"
      ],
      "engines": {
        "node": ">=12"
      }
    },
    "node_modules/@motionone/animation": {
      "version": "10.16.3",
      "resolved": "https://registry.npmjs.org/@motionone/animation/-/animation-10.16.3.tgz",
      "integrity": "sha512-QUGWpLbMFLhyqKlngjZhjtxM8IqiJQjLK0DF+XOF6od9nhSvlaeEpOY/UMCRVcZn/9Tr2rZO22EkuCIjYdI74g==",
      "dependencies": {
        "@motionone/easing": "^10.16.3",
        "@motionone/types": "^10.16.3",
        "@motionone/utils": "^10.16.3",
        "tslib": "^2.3.1"
      }
    },
    "node_modules/@motionone/dom": {
      "version": "10.16.4",
      "resolved": "https://registry.npmjs.org/@motionone/dom/-/dom-10.16.4.tgz",
      "integrity": "sha512-HPHlVo/030qpRj9R8fgY50KTN4Ko30moWRTA3L3imrsRBmob93cTYmodln49HYFbQm01lFF7X523OkKY0DX6UA==",
      "dependencies": {
        "@motionone/animation": "^10.16.3",
        "@motionone/generators": "^10.16.4",
        "@motionone/types": "^10.16.3",
        "@motionone/utils": "^10.16.3",
        "hey-listen": "^1.0.8",
        "tslib": "^2.3.1"
      }
    },
    "node_modules/@motionone/easing": {
      "version": "10.16.3",
      "resolved": "https://registry.npmjs.org/@motionone/easing/-/easing-10.16.3.tgz",
      "integrity": "sha512-HWTMZbTmZojzwEuKT/xCdvoMPXjYSyQvuVM6jmM0yoGU6BWzsmYMeB4bn38UFf618fJCNtP9XeC/zxtKWfbr0w==",
      "dependencies": {
        "@motionone/utils": "^10.16.3",
        "tslib": "^2.3.1"
      }
    },
    "node_modules/@motionone/generators": {
      "version": "10.16.4",
      "resolved": "https://registry.npmjs.org/@motionone/generators/-/generators-10.16.4.tgz",
      "integrity": "sha512-geFZ3w0Rm0ZXXpctWsSf3REGywmLLujEjxPYpBR0j+ymYwof0xbV6S5kGqqsDKgyWKVWpUInqQYvQfL6fRbXeg==",
      "dependencies": {
        "@motionone/types": "^10.16.3",
        "@motionone/utils": "^10.16.3",
        "tslib": "^2.3.1"
      }
    },
    "node_modules/@motionone/svelte": {
      "version": "10.16.4",
      "resolved": "https://registry.npmjs.org/@motionone/svelte/-/svelte-10.16.4.tgz",
      "integrity": "sha512-zRVqk20lD1xqe+yEDZhMYgftsuHc25+9JSo+r0a0OWUJFocjSV9D/+UGhX4xgJsuwB9acPzXLr20w40VnY2PQA==",
      "dependencies": {
        "@motionone/dom": "^10.16.4",
        "tslib": "^2.3.1"
      }
    },
    "node_modules/@motionone/types": {
      "version": "10.16.3",
      "resolved": "https://registry.npmjs.org/@motionone/types/-/types-10.16.3.tgz",
      "integrity": "sha512-W4jkEGFifDq73DlaZs3HUfamV2t1wM35zN/zX7Q79LfZ2sc6C0R1baUHZmqc/K5F3vSw3PavgQ6HyHLd/MXcWg=="
    },
    "node_modules/@motionone/utils": {
      "version": "10.16.3",
      "resolved": "https://registry.npmjs.org/@motionone/utils/-/utils-10.16.3.tgz",
      "integrity": "sha512-WNWDksJIxQkaI9p9Z9z0+K27xdqISGNFy1SsWVGaiedTHq0iaT6iZujby8fT/ZnZxj1EOaxJtSfUPCFNU5CRoA==",
      "dependencies": {
        "@motionone/types": "^10.16.3",
        "hey-listen": "^1.0.8",
        "tslib": "^2.3.1"
      }
    },
    "node_modules/@motionone/vue": {
      "version": "10.16.4",
      "resolved": "https://registry.npmjs.org/@motionone/vue/-/vue-10.16.4.tgz",
      "integrity": "sha512-z10PF9JV6SbjFq+/rYabM+8CVlMokgl8RFGvieSGNTmrkQanfHn+15XBrhG3BgUfvmTeSeyShfOHpG0i9zEdcg==",
      "dependencies": {
        "@motionone/dom": "^10.16.4",
        "tslib": "^2.3.1"
      }
    },
    "node_modules/@rollup/rollup-android-arm-eabi": {
      "version": "4.5.2",
      "resolved": "https://registry.npmjs.org/@rollup/rollup-android-arm-eabi/-/rollup-android-arm-eabi-4.5.2.tgz",
      "integrity": "sha512-ee7BudTwwrglFYSc3UnqInDDjCLWHKrFmGNi4aK7jlEyg4CyPa1DCMrZfsN1O13YT76UFEqXz2CoN7BCGpUlJw==",
      "cpu": [
        "arm"
      ],
      "dev": true,
      "optional": true,
      "os": [
        "android"
      ]
    },
    "node_modules/@rollup/rollup-android-arm64": {
      "version": "4.5.2",
      "resolved": "https://registry.npmjs.org/@rollup/rollup-android-arm64/-/rollup-android-arm64-4.5.2.tgz",
      "integrity": "sha512-xOuhj9HHtn8128ir8veoQsBbAUBasDbHIBniYTEx02pAmu9EXL+ZjJqngnNEy6ZgZ4h1JwL33GMNu3yJL5Mzow==",
      "cpu": [
        "arm64"
      ],
      "dev": true,
      "optional": true,
      "os": [
        "android"
      ]
    },
    "node_modules/@rollup/rollup-darwin-arm64": {
      "version": "4.5.2",
      "resolved": "https://registry.npmjs.org/@rollup/rollup-darwin-arm64/-/rollup-darwin-arm64-4.5.2.tgz",
      "integrity": "sha512-NTGJWoL8bKyqyWFn9/RzSv4hQ4wTbaAv0lHHRwf4OnpiiP4P8W0jiXbm8Nc5BCXKmWAwuvJY82mcIU2TayC20g==",
      "cpu": [
        "arm64"
      ],
      "dev": true,
      "optional": true,
      "os": [
        "darwin"
      ]
    },
    "node_modules/@rollup/rollup-darwin-x64": {
      "version": "4.5.2",
      "resolved": "https://registry.npmjs.org/@rollup/rollup-darwin-x64/-/rollup-darwin-x64-4.5.2.tgz",
      "integrity": "sha512-hlKqj7bpPvU15sZo4za14u185lpMzdwWLMc9raMqPK4wywt0wR23y1CaVQ4oAFXat3b5/gmRntyfpwWTKl+vvA==",
      "cpu": [
        "x64"
      ],
      "dev": true,
      "optional": true,
      "os": [
        "darwin"
      ]
    },
    "node_modules/@rollup/rollup-linux-arm-gnueabihf": {
      "version": "4.5.2",
      "resolved": "https://registry.npmjs.org/@rollup/rollup-linux-arm-gnueabihf/-/rollup-linux-arm-gnueabihf-4.5.2.tgz",
      "integrity": "sha512-7ZIZx8c3u+pfI0ohQsft/GywrXez0uR6dUP0JhBuCK3sFO5TfdLn/YApnVkvPxuTv3+YKPIZend9Mt7Cz6sS3Q==",
      "cpu": [
        "arm"
      ],
      "dev": true,
      "optional": true,
      "os": [
        "linux"
      ]
    },
    "node_modules/@rollup/rollup-linux-arm64-gnu": {
      "version": "4.5.2",
      "resolved": "https://registry.npmjs.org/@rollup/rollup-linux-arm64-gnu/-/rollup-linux-arm64-gnu-4.5.2.tgz",
      "integrity": "sha512-7Pk/5mO11JW/cH+a8lL/i0ZxmRGrbpYqN0VwO2DHhU+SJWWOH2zE1RAcPaj8KqiwC8DCDIJOSxjV9+9lLb6aeA==",
      "cpu": [
        "arm64"
      ],
      "dev": true,
      "optional": true,
      "os": [
        "linux"
      ]
    },
    "node_modules/@rollup/rollup-linux-arm64-musl": {
      "version": "4.5.2",
      "resolved": "https://registry.npmjs.org/@rollup/rollup-linux-arm64-musl/-/rollup-linux-arm64-musl-4.5.2.tgz",
      "integrity": "sha512-KrRnuG5phJx756e62wxvWH2e+TK84MP2IVuPwfge+GBvWqIUfVzFRn09TKruuQBXzZp52Vyma7FjMDkwlA9xpg==",
      "cpu": [
        "arm64"
      ],
      "dev": true,
      "optional": true,
      "os": [
        "linux"
      ]
    },
    "node_modules/@rollup/rollup-linux-x64-gnu": {
      "version": "4.5.2",
      "resolved": "https://registry.npmjs.org/@rollup/rollup-linux-x64-gnu/-/rollup-linux-x64-gnu-4.5.2.tgz",
      "integrity": "sha512-My+53GasPa2D2tU5dXiyHYwrELAUouSfkNlZ3bUKpI7btaztO5vpALEs3mvFjM7aKTvEbc7GQckuXeXIDKQ0fg==",
      "cpu": [
        "x64"
      ],
      "dev": true,
      "optional": true,
      "os": [
        "linux"
      ]
    },
    "node_modules/@rollup/rollup-linux-x64-musl": {
      "version": "4.5.2",
      "resolved": "https://registry.npmjs.org/@rollup/rollup-linux-x64-musl/-/rollup-linux-x64-musl-4.5.2.tgz",
      "integrity": "sha512-/f0Q6Sc+Vw54Ws6N8fxaEe4R7at3b8pFyv+O/F2VaQ4hODUJcRUcCBJh6zuqtgQQt7w845VTkGLFgWZkP3tUoQ==",
      "cpu": [
        "x64"
      ],
      "dev": true,
      "optional": true,
      "os": [
        "linux"
      ]
    },
    "node_modules/@rollup/rollup-win32-arm64-msvc": {
      "version": "4.5.2",
      "resolved": "https://registry.npmjs.org/@rollup/rollup-win32-arm64-msvc/-/rollup-win32-arm64-msvc-4.5.2.tgz",
      "integrity": "sha512-NCKuuZWLht6zj7s6EIFef4BxCRX1GMr83S2W4HPCA0RnJ4iHE4FS1695q6Ewoa6A9nFjJe1//yUu0kgBU07Edw==",
      "cpu": [
        "arm64"
      ],
      "dev": true,
      "optional": true,
      "os": [
        "win32"
      ]
    },
    "node_modules/@rollup/rollup-win32-ia32-msvc": {
      "version": "4.5.2",
      "resolved": "https://registry.npmjs.org/@rollup/rollup-win32-ia32-msvc/-/rollup-win32-ia32-msvc-4.5.2.tgz",
      "integrity": "sha512-J5zL3riR4AOyU/J3M/i4k/zZ8eP1yT+nTmAKztCXJtnI36jYH0eepvob22mAQ/kLwfsK2TB6dbyVY1F8c/0H5A==",
      "cpu": [
        "ia32"
      ],
      "dev": true,
      "optional": true,
      "os": [
        "win32"
      ]
    },
    "node_modules/@rollup/rollup-win32-x64-msvc": {
      "version": "4.5.2",
      "resolved": "https://registry.npmjs.org/@rollup/rollup-win32-x64-msvc/-/rollup-win32-x64-msvc-4.5.2.tgz",
      "integrity": "sha512-pL0RXRHuuGLhvs7ayX/SAHph1hrDPXOM5anyYUQXWJEENxw3nfHkzv8FfVlEVcLyKPAEgDRkd6RKZq2SMqS/yg==",
      "cpu": [
        "x64"
      ],
      "dev": true,
      "optional": true,
      "os": [
        "win32"
      ]
    },
    "node_modules/abs-svg-path": {
      "version": "0.1.1",
      "resolved": "https://registry.npmjs.org/abs-svg-path/-/abs-svg-path-0.1.1.tgz",
      "integrity": "sha512-d8XPSGjfyzlXC3Xx891DJRyZfqk5JU0BJrDQcsWomFIV1/BIzPW5HDH5iDdWpqWaav0YVIEzT1RHTwWr0FFshA=="
    },
    "node_modules/adaptive-bezier-curve": {
      "version": "1.0.3",
      "resolved": "https://registry.npmjs.org/adaptive-bezier-curve/-/adaptive-bezier-curve-1.0.3.tgz",
      "integrity": "sha512-mDcwN284LlNAdunqnVmS0PAoDNHKze/PY8zvpCdxzyXD+ZZFeMWQ3FKNBw0VMOd9IfnhIyzAWJDXzRcWnXtoSg=="
    },
    "node_modules/almost-equal": {
      "version": "1.1.0",
      "resolved": "https://registry.npmjs.org/almost-equal/-/almost-equal-1.1.0.tgz",
      "integrity": "sha512-0V/PkoculFl5+0Lp47JoxUcO0xSxhIBvm+BxHdD/OgXNmdRpRHCFnKVuUoWyS9EzQP+otSGv0m9Lb4yVkQBn2A=="
    },
    "node_modules/an-array": {
      "version": "1.0.0",
      "resolved": "https://registry.npmjs.org/an-array/-/an-array-1.0.0.tgz",
      "integrity": "sha512-M175GYI7RmsYu24Ok383yZQa3eveDfNnmhTe3OQ3bm70bEovz2gWenH+ST/n32M8lrwLWk74hcPds5CDRPe2wg=="
    },
    "node_modules/array-almost-equal": {
      "version": "1.0.0",
      "resolved": "https://registry.npmjs.org/array-almost-equal/-/array-almost-equal-1.0.0.tgz",
      "integrity": "sha512-NiQJq0vH5nEebm7FMs52fli23nwCh+RBKZZtA5g5qUmqGAkb9n8/WOTW8zjDocLADXXM1CRanFfPTMdrI2yZwg==",
      "dependencies": {
        "almost-equal": "0.0.0",
        "an-array": "^1.0.0"
      }
    },
    "node_modules/array-almost-equal/node_modules/almost-equal": {
      "version": "0.0.0",
      "resolved": "https://registry.npmjs.org/almost-equal/-/almost-equal-0.0.0.tgz",
      "integrity": "sha512-/wvWNupeAr7sp7J2ZXvQvd97uyxsokx4TXdV6YMhd/EDwctlgY3wUGZCgQx1sJQyxU+c8EWRCWsLGOumdiS9aw=="
    },
    "node_modules/canvas-sketch-util": {
      "version": "1.10.0",
      "resolved": "https://registry.npmjs.org/canvas-sketch-util/-/canvas-sketch-util-1.10.0.tgz",
      "integrity": "sha512-IiJWEQDBinl6KZVLYcdp79ZJXXKsS1HuDUoWtwWh0NJMVUA6jaM0pxcBRYiaujBXjQFPT91pl8L9iFFmma3+zA==",
      "dependencies": {
        "abs-svg-path": "^0.1.1",
        "almost-equal": "^1.1.0",
        "array-almost-equal": "^1.0.0",
        "clone": "^2.1.2",
        "color-luminance": "^2.1.0",
        "convert-length": "^1.0.1",
        "d3-path": "^1.0.8",
        "defined": "^1.0.0",
        "float-hsl2rgb": "^1.0.2",
        "float-rgb2hsl": "^1.0.1",
        "lineclip": "^1.1.5",
        "normalize-svg-path": "^1.0.1",
        "parse-color": "^1.0.0",
        "parse-svg-path": "^0.1.2",
        "primitive-quad": "^2.0.0",
        "regl": "^1.3.7",
        "seed-random": "^2.2.0",
        "simplex-noise": "^2.4.0",
        "svg-path-contours": "^2.0.0"
      }
    },
    "node_modules/clone": {
      "version": "2.1.2",
      "resolved": "https://registry.npmjs.org/clone/-/clone-2.1.2.tgz",
      "integrity": "sha512-3Pe/CF1Nn94hyhIYpjtiLhdCoEoz0DqQ+988E9gmeEdQZlojxnOb74wctFyuwWQHzqyf9X7C7MG8juUpqBJT8w==",
      "engines": {
        "node": ">=0.8"
      }
    },
    "node_modules/color-convert": {
      "version": "0.5.3",
      "resolved": "https://registry.npmjs.org/color-convert/-/color-convert-0.5.3.tgz",
      "integrity": "sha512-RwBeO/B/vZR3dfKL1ye/vx8MHZ40ugzpyfeVG5GsiuGnrlMWe2o8wxBbLCpw9CsxV+wHuzYlCiWnybrIA0ling=="
    },
    "node_modules/color-luminance": {
      "version": "2.1.0",
      "resolved": "https://registry.npmjs.org/color-luminance/-/color-luminance-2.1.0.tgz",
      "integrity": "sha512-J2WalPvlpNvOYW8YNxffayMHmA/Ysbx9crRdWorAG6mSbO22yliPvhldw0slsRhpFiQpFdHpFo69X3v9OzklOA=="
    },
    "node_modules/convert-length": {
      "version": "1.0.1",
      "resolved": "https://registry.npmjs.org/convert-length/-/convert-length-1.0.1.tgz",
      "integrity": "sha512-w94Vge3sck6J1NHuA0du367/JTbj1zfjTapX7ixR2W+KlU4zb+NRTbou3x9nTpm5vlcXmjoaUJQpVN9pULCdxQ==",
      "dependencies": {
        "defined": "^1.0.0"
      }
    },
    "node_modules/d3-path": {
      "version": "1.0.9",
      "resolved": "https://registry.npmjs.org/d3-path/-/d3-path-1.0.9.tgz",
      "integrity": "sha512-VLaYcn81dtHVTjEHd8B+pbe9yHWpXKZUC87PzoFmsFrJqgFwDe/qxfp5MlfsfM1V5E/iVt0MmEbWQ7FVIXh/bg=="
    },
    "node_modules/defined": {
      "version": "1.0.1",
      "resolved": "https://registry.npmjs.org/defined/-/defined-1.0.1.tgz",
      "integrity": "sha512-hsBd2qSVCRE+5PmNdHt1uzyrFu5d3RwmFDKzyNZMFq/EwDNJF7Ee5+D5oEKF0hU6LhtoUF1macFvOe4AskQC1Q==",
      "funding": {
        "url": "https://github.com/sponsors/ljharb"
      }
    },
    "node_modules/do0dle-colors": {
      "version": "2.1.1",
      "resolved": "https://registry.npmjs.org/do0dle-colors/-/do0dle-colors-2.1.1.tgz",
      "integrity": "sha512-j1Z4kyr/+2qlXeODESpEEr6dNBLlkK9AhIR6viQr9tMZ263VBMLT1hZhg0Dzj9/OOivad087rKmW3S6Hh8wGAA=="
    },
    "node_modules/esbuild": {
      "version": "0.19.7",
      "resolved": "https://registry.npmjs.org/esbuild/-/esbuild-0.19.7.tgz",
      "integrity": "sha512-6brbTZVqxhqgbpqBR5MzErImcpA0SQdoKOkcWK/U30HtQxnokIpG3TX2r0IJqbFUzqLjhU/zC1S5ndgakObVCQ==",
      "dev": true,
      "hasInstallScript": true,
      "bin": {
        "esbuild": "bin/esbuild"
      },
      "engines": {
        "node": ">=12"
      },
      "optionalDependencies": {
        "@esbuild/android-arm": "0.19.7",
        "@esbuild/android-arm64": "0.19.7",
        "@esbuild/android-x64": "0.19.7",
        "@esbuild/darwin-arm64": "0.19.7",
        "@esbuild/darwin-x64": "0.19.7",
        "@esbuild/freebsd-arm64": "0.19.7",
        "@esbuild/freebsd-x64": "0.19.7",
        "@esbuild/linux-arm": "0.19.7",
        "@esbuild/linux-arm64": "0.19.7",
        "@esbuild/linux-ia32": "0.19.7",
        "@esbuild/linux-loong64": "0.19.7",
        "@esbuild/linux-mips64el": "0.19.7",
        "@esbuild/linux-ppc64": "0.19.7",
        "@esbuild/linux-riscv64": "0.19.7",
        "@esbuild/linux-s390x": "0.19.7",
        "@esbuild/linux-x64": "0.19.7",
        "@esbuild/netbsd-x64": "0.19.7",
        "@esbuild/openbsd-x64": "0.19.7",
        "@esbuild/sunos-x64": "0.19.7",
        "@esbuild/win32-arm64": "0.19.7",
        "@esbuild/win32-ia32": "0.19.7",
        "@esbuild/win32-x64": "0.19.7"
      }
    },
    "node_modules/float-hsl2rgb": {
      "version": "1.0.2",
      "resolved": "https://registry.npmjs.org/float-hsl2rgb/-/float-hsl2rgb-1.0.2.tgz",
      "integrity": "sha512-O9YGK/8X0tl2GpT9SVk9wSPTVv1IkAjikhKdHkbHbC7X9aX+64i3HPeWX7zwStDuO7T3KIamHC4B16T80mMeXA=="
    },
    "node_modules/float-rgb2hsl": {
      "version": "1.0.1",
      "resolved": "https://registry.npmjs.org/float-rgb2hsl/-/float-rgb2hsl-1.0.1.tgz",
      "integrity": "sha512-sdMM9qC3IRI/M7J1htyVfNFD4pCi6MIznXTXTq3/h4C+qtMz6AMTRHwcuD6ScswVXMS/F+0B5DNn5HINQK0iOA=="
    },
    "node_modules/fsevents": {
      "version": "2.3.3",
      "resolved": "https://registry.npmjs.org/fsevents/-/fsevents-2.3.3.tgz",
      "integrity": "sha512-5xoDfX+fL7faATnagmWPpbFtwh/R77WmMMqqHGS65C3vvB0YHrgF+B1YmZ3441tMj5n63k0212XNoJwzlhffQw==",
      "dev": true,
      "hasInstallScript": true,
      "optional": true,
      "os": [
        "darwin"
      ],
      "engines": {
        "node": "^8.16.0 || ^10.6.0 || >=11.0.0"
      }
    },
    "node_modules/hey-listen": {
      "version": "1.0.8",
      "resolved": "https://registry.npmjs.org/hey-listen/-/hey-listen-1.0.8.tgz",
      "integrity": "sha512-COpmrF2NOg4TBWUJ5UVyaCU2A88wEMkUPK4hNqyCkqHbxT92BbvfjoSozkAIIm6XhicGlJHhFdullInrdhwU8Q=="
    },
    "node_modules/lineclip": {
      "version": "1.1.5",
      "resolved": "https://registry.npmjs.org/lineclip/-/lineclip-1.1.5.tgz",
      "integrity": "sha512-KlA/wRSjpKl7tS9iRUdlG72oQ7qZ1IlVbVgHwoO10TBR/4gQ86uhKow6nlzMAJJhjCWKto8OeoAzzIzKSmN25A=="
    },
    "node_modules/motion": {
      "version": "10.16.4",
      "resolved": "https://registry.npmjs.org/motion/-/motion-10.16.4.tgz",
      "integrity": "sha512-wvBeT0sZNgU6Od1aimjywBikqzm5yE97+L9eM/AoLy01AXNPdcnSDVHB3CoR0dGdHMbp/S0A/PjsJfWg0+k8Mg==",
      "dependencies": {
        "@motionone/animation": "^10.16.3",
        "@motionone/dom": "^10.16.4",
        "@motionone/svelte": "^10.16.4",
        "@motionone/types": "^10.16.3",
        "@motionone/utils": "^10.16.3",
        "@motionone/vue": "^10.16.4"
      }
    },
    "node_modules/nanoid": {
      "version": "3.3.7",
      "resolved": "https://registry.npmjs.org/nanoid/-/nanoid-3.3.7.tgz",
      "integrity": "sha512-eSRppjcPIatRIMC1U6UngP8XFcz8MQWGQdt1MTBQ7NaAmvXDfvNxbvWV3x2y6CdEUciCSsDHDQZbhYaB8QEo2g==",
      "dev": true,
      "funding": [
        {
          "type": "github",
          "url": "https://github.com/sponsors/ai"
        }
      ],
      "bin": {
        "nanoid": "bin/nanoid.cjs"
      },
      "engines": {
        "node": "^10 || ^12 || ^13.7 || ^14 || >=15.0.1"
      }
    },
    "node_modules/normalize-svg-path": {
      "version": "1.1.0",
      "resolved": "https://registry.npmjs.org/normalize-svg-path/-/normalize-svg-path-1.1.0.tgz",
      "integrity": "sha512-r9KHKG2UUeB5LoTouwDzBy2VxXlHsiM6fyLQvnJa0S5hrhzqElH/CH7TUGhT1fVvIYBIKf3OpY4YJ4CK+iaqHg==",
      "dependencies": {
        "svg-arc-to-cubic-bezier": "^3.0.0"
      }
    },
    "node_modules/parse-color": {
      "version": "1.0.0",
      "resolved": "https://registry.npmjs.org/parse-color/-/parse-color-1.0.0.tgz",
      "integrity": "sha512-fuDHYgFHJGbpGMgw9skY/bj3HL/Jrn4l/5rSspy00DoT4RyLnDcRvPxdZ+r6OFwIsgAuhDh4I09tAId4mI12bw==",
      "dependencies": {
        "color-convert": "~0.5.0"
      }
    },
    "node_modules/parse-svg-path": {
      "version": "0.1.2",
      "resolved": "https://registry.npmjs.org/parse-svg-path/-/parse-svg-path-0.1.2.tgz",
      "integrity": "sha512-JyPSBnkTJ0AI8GGJLfMXvKq42cj5c006fnLz6fXy6zfoVjJizi8BNTpu8on8ziI1cKy9d9DGNuY17Ce7wuejpQ=="
    },
    "node_modules/picocolors": {
      "version": "1.0.0",
      "resolved": "https://registry.npmjs.org/picocolors/-/picocolors-1.0.0.tgz",
      "integrity": "sha512-1fygroTLlHu66zi26VoTDv8yRgm0Fccecssto+MhsZ0D/DGW2sm8E8AjW7NU5VVTRt5GxbeZ5qBuJr+HyLYkjQ==",
      "dev": true
    },
    "node_modules/poline": {
      "version": "0.7.0",
      "resolved": "https://registry.npmjs.org/poline/-/poline-0.7.0.tgz",
      "integrity": "sha512-ZLlkJKNmzRRARYyWLu8JuWolS23oKQP3FA7vrq9TB+R55bbb0Dfo3zyL69jMWddn88SFl88JWFYhtqe1TXOrEw=="
    },
    "node_modules/postcss": {
      "version": "8.4.31",
      "resolved": "https://registry.npmjs.org/postcss/-/postcss-8.4.31.tgz",
      "integrity": "sha512-PS08Iboia9mts/2ygV3eLpY5ghnUcfLV/EXTOW1E2qYxJKGGBUtNjN76FYHnMs36RmARn41bC0AZmn+rR0OVpQ==",
      "dev": true,
      "funding": [
        {
          "type": "opencollective",
          "url": "https://opencollective.com/postcss/"
        },
        {
          "type": "tidelift",
          "url": "https://tidelift.com/funding/github/npm/postcss"
        },
        {
          "type": "github",
          "url": "https://github.com/sponsors/ai"
        }
      ],
      "dependencies": {
        "nanoid": "^3.3.6",
        "picocolors": "^1.0.0",
        "source-map-js": "^1.0.2"
      },
      "engines": {
        "node": "^10 || ^12 || >=14"
      }
    },
    "node_modules/primitive-quad": {
      "version": "2.0.0",
      "resolved": "https://registry.npmjs.org/primitive-quad/-/primitive-quad-2.0.0.tgz",
      "integrity": "sha512-JlPRH5x3QEqoIeHvxHY6ePLhpjSG7FEGxitR8sbfkfCjJK+OEVODTE4j6US12gMqvQqXzRGkkmuYYvJCozifMA=="
    },
    "node_modules/rampensau": {
      "version": "0.2.0",
      "resolved": "https://registry.npmjs.org/rampensau/-/rampensau-0.2.0.tgz",
      "integrity": "sha512-3Vj7wi8U4uSxax/cjYbHP/wzJC8Bz/o/saLDzocwzGwC9dnLsSvKLNWvhSskXtZ8+02dwR6Q5Y7F572QRCpjaw=="
    },
    "node_modules/regl": {
      "version": "1.7.0",
      "resolved": "https://registry.npmjs.org/regl/-/regl-1.7.0.tgz",
      "integrity": "sha512-bEAtp/qrtKucxXSJkD4ebopFZYP0q1+3Vb2WECWv/T8yQEgKxDxJ7ztO285tAMaYZVR6mM1GgI6CCn8FROtL1w=="
    },
    "node_modules/rollup": {
      "version": "4.5.2",
      "resolved": "https://registry.npmjs.org/rollup/-/rollup-4.5.2.tgz",
      "integrity": "sha512-CRK1uoROBfkcqrZKyaFcqCcZWNsvJ6yVYZkqTlRocZhO2s5yER6Z3f/QaYtO8RGyloPnmhwgzuPQpNGeK210xQ==",
      "dev": true,
      "bin": {
        "rollup": "dist/bin/rollup"
      },
      "engines": {
        "node": ">=18.0.0",
        "npm": ">=8.0.0"
      },
      "optionalDependencies": {
        "@rollup/rollup-android-arm-eabi": "4.5.2",
        "@rollup/rollup-android-arm64": "4.5.2",
        "@rollup/rollup-darwin-arm64": "4.5.2",
        "@rollup/rollup-darwin-x64": "4.5.2",
        "@rollup/rollup-linux-arm-gnueabihf": "4.5.2",
        "@rollup/rollup-linux-arm64-gnu": "4.5.2",
        "@rollup/rollup-linux-arm64-musl": "4.5.2",
        "@rollup/rollup-linux-x64-gnu": "4.5.2",
        "@rollup/rollup-linux-x64-musl": "4.5.2",
        "@rollup/rollup-win32-arm64-msvc": "4.5.2",
        "@rollup/rollup-win32-ia32-msvc": "4.5.2",
        "@rollup/rollup-win32-x64-msvc": "4.5.2",
        "fsevents": "~2.3.2"
      }
    },
    "node_modules/seed-random": {
      "version": "2.2.0",
      "resolved": "https://registry.npmjs.org/seed-random/-/seed-random-2.2.0.tgz",
      "integrity": "sha512-34EQV6AAHQGhoc0tn/96a9Fsi6v2xdqe/dMUwljGRaFOzR3EgRmECvD0O8vi8X+/uQ50LGHfkNu/Eue5TPKZkQ=="
    },
    "node_modules/simplex-noise": {
      "version": "2.4.0",
      "resolved": "https://registry.npmjs.org/simplex-noise/-/simplex-noise-2.4.0.tgz",
      "integrity": "sha512-OjyDWm/QZjVbMrPxDVi9b2as+SeNn9EBXlrWVRlFW+TSyWMSXouDryXkQN0vf5YP+QZKobrmkvx1eQYPLtuqfw=="
    },
    "node_modules/source-map-js": {
      "version": "1.0.2",
      "resolved": "https://registry.npmjs.org/source-map-js/-/source-map-js-1.0.2.tgz",
      "integrity": "sha512-R0XvVJ9WusLiqTCEiGCmICCMplcCkIwwR11mOSD9CR5u+IXYdiseeEuXCVAjS54zqwkLcPNnmU4OeJ6tUrWhDw==",
      "dev": true,
      "engines": {
        "node": ">=0.10.0"
      }
    },
    "node_modules/svg-arc-to-cubic-bezier": {
      "version": "3.2.0",
      "resolved": "https://registry.npmjs.org/svg-arc-to-cubic-bezier/-/svg-arc-to-cubic-bezier-3.2.0.tgz",
      "integrity": "sha512-djbJ/vZKZO+gPoSDThGNpKDO+o+bAeA4XQKovvkNCqnIS2t+S4qnLAGQhyyrulhCFRl1WWzAp0wUDV8PpTVU3g=="
    },
    "node_modules/svg-path-contours": {
      "version": "2.0.0",
      "resolved": "https://registry.npmjs.org/svg-path-contours/-/svg-path-contours-2.0.0.tgz",
      "integrity": "sha512-mUpqlUkchMV5lQq2DdPIulNQ2lqPjYTUvY8bUUql/SlOMdPkavijO/oJgvimz31CC4Hvfce6uq+Jn0xzRysmVw==",
      "dependencies": {
        "abs-svg-path": "^0.1.1",
        "adaptive-bezier-curve": "^1.0.3",
        "normalize-svg-path": "^0.1.0",
        "vec2-copy": "^1.0.0"
      }
    },
    "node_modules/svg-path-contours/node_modules/normalize-svg-path": {
      "version": "0.1.0",
      "resolved": "https://registry.npmjs.org/normalize-svg-path/-/normalize-svg-path-0.1.0.tgz",
      "integrity": "sha512-1/kmYej2iedi5+ROxkRESL/pI02pkg0OBnaR4hJkSIX6+ORzepwbuUXfrdZaPjysTsJInj0Rj5NuX027+dMBvA=="
    },
    "node_modules/tachyons": {
      "version": "4.12.0",
      "resolved": "https://registry.npmjs.org/tachyons/-/tachyons-4.12.0.tgz",
      "integrity": "sha512-2nA2IrYFy3raCM9fxJ2KODRGHVSZNTW3BR0YnlGsLUf1DA3pk3YfWZ/DdfbnZK6zLZS+jUenlUGJsKcA5fUiZg=="
    },
    "node_modules/tslib": {
      "version": "2.6.2",
      "resolved": "https://registry.npmjs.org/tslib/-/tslib-2.6.2.tgz",
      "integrity": "sha512-AEYxH93jGFPn/a2iVAwW87VuUIkR1FVUKB77NwMF7nBTDkDrrT/Hpt/IrCJ0QXhW27jTBDcf5ZY7w6RiqTMw2Q=="
    },
    "node_modules/typescript": {
      "version": "5.3.2",
      "resolved": "https://registry.npmjs.org/typescript/-/typescript-5.3.2.tgz",
      "integrity": "sha512-6l+RyNy7oAHDfxC4FzSJcz9vnjTKxrLpDG5M2Vu4SHRVNg6xzqZp6LYSR9zjqQTu8DU/f5xwxUdADOkbrIX2gQ==",
      "dev": true,
      "bin": {
        "tsc": "bin/tsc",
        "tsserver": "bin/tsserver"
      },
      "engines": {
        "node": ">=14.17"
      }
    },
    "node_modules/vec2-copy": {
      "version": "1.0.0",
      "resolved": "https://registry.npmjs.org/vec2-copy/-/vec2-copy-1.0.0.tgz",
      "integrity": "sha512-jeitylCmqqyM4Z2blr4vLpScsROaiJfhN2dFOjn1VK01cM4fi5GNt60L0Zxhm0OT1vYYiv7BKDOZch0YfPA8qw=="
    },
    "node_modules/vite": {
      "version": "5.0.2",
      "resolved": "https://registry.npmjs.org/vite/-/vite-5.0.2.tgz",
      "integrity": "sha512-6CCq1CAJCNM1ya2ZZA7+jS2KgnhbzvxakmlIjN24cF/PXhRMzpM/z8QgsVJA/Dm5fWUWnVEsmtBoMhmerPxT0g==",
      "dev": true,
      "dependencies": {
        "esbuild": "^0.19.3",
        "postcss": "^8.4.31",
        "rollup": "^4.2.0"
      },
      "bin": {
        "vite": "bin/vite.js"
      },
      "engines": {
        "node": "^18.0.0 || >=20.0.0"
      },
      "funding": {
        "url": "https://github.com/vitejs/vite?sponsor=1"
      },
      "optionalDependencies": {
        "fsevents": "~2.3.3"
      },
      "peerDependencies": {
        "@types/node": "^18.0.0 || >=20.0.0",
        "less": "*",
        "lightningcss": "^1.21.0",
        "sass": "*",
        "stylus": "*",
        "sugarss": "*",
        "terser": "^5.4.0"
      },
      "peerDependenciesMeta": {
        "@types/node": {
          "optional": true
        },
        "less": {
          "optional": true
        },
        "lightningcss": {
          "optional": true
        },
        "sass": {
          "optional": true
        },
        "stylus": {
          "optional": true
        },
        "sugarss": {
          "optional": true
        },
        "terser": {
          "optional": true
        }
      }
    }
  }
}
